
Microsoft Visual Studio Solution File, Format Version 12.00
# Visual Studio Version 16
VisualStudioVersion = 16.0.31410.357
MinimumVisualStudioVersion = 10.0.40219.1
Project("{FAE04EC0-301F-11D3-BF4B-00C04F79EFBC}") = "LakDeranaHotel", "LakDeranaHotel\LakDeranaHotel.csproj", "{70345E83-A195-4F95-8AEE-36595B9F36D8}"
EndProject
Global
	GlobalSection(SolutionConfigurationPlatforms) = preSolution
		Debug|Any CPU = Debug|Any CPU
		Release|Any CPU = Release|Any CPU
	EndGlobalSection
	GlobalSection(ProjectConfigurationPlatforms) = postSolution
		{70345E83-A195-4F95-8AEE-36595B9F36D8}.Debug|Any CPU.ActiveCfg = Debug|Any CPU
		{70345E83-A195-4F95-8AEE-36595B9F36D8}.Debug|Any CPU.Build.0 = Debug|Any CPU
		{70345E83-A195-4F95-8AEE-36595B9F36D8}.Release|Any CPU.ActiveCfg = Release|Any CPU
		{70345E83-A195-4F95-8AEE-36595B9F36D8}.Release|Any CPU.Build.0 = Release|Any CPU
	EndGlobalSection
	GlobalSection(SolutionProperties) = preSolution
		HideSolutionNode = FALSE
	EndGlobalSection
	GlobalSection(ExtensibilityGlobals) = postSolution
		SolutionGuid = {DFF6BA97-89C5-4892-91A2-1DD9475405B2}
	EndGlobalSection
EndGlobal
